# This file is autogenerated, do not edit; changes may be undone by the next 'dep ensure'.


[[projects]]
  digest = "1:36d54915655a1d3d14d2fbb0854f588d5ed9ed8b7c6fd287fbaa52000615cd1f"
  name = "github.com/StackExchange/wmi"
  packages = ["."]
  pruneopts = "NUT"
  revision = "cbe66965904dbe8a6cd589e2298e5d8b986bd7dd"
  version = "1.1.0"

[[projects]]
  branch = "master"
  digest = "1:cb60635d68ceedf02e2a037c35329d228b14ab26813eed3203afaab33cf842b2"
  name = "github.com/cotunnel/packet"
  packages = ["."]
  pruneopts = "NUT"
  revision = "add8684884989215ebdd4c1e93eb1a5c3a3218a5"

[[projects]]
  digest = "1:7cb4fdca4c251b3ef8027c90ea35f70c7b661a593b9eeae34753c65499098bb1"
  name = "github.com/cpuguy83/go-md2man"
  packages = ["md2man"]
  pruneopts = "NUT"
  revision = "7762f7e404f8416dfa1d9bb6a8c192aa9acb4d19"
  version = "v1.0.10"

[[projects]]
  digest = "1:5b9ec589d739f9dc806a72739960d6e73ef18cf539841c85220f2fe32502a53a"
  name = "github.com/creack/pty"
  packages = ["."]
  pruneopts = "NUT"
  revision = "3a6a957789163cacdfe0e291617a1c8e80612c11"
  version = "v1.1.9"

[[projects]]
  digest = "1:022649cb675f044f3b7b6ab58c528dad7b11eee526ecd792a1b04ee4b0c692da"
  name = "github.com/go-ole/go-ole"
  packages = [
    ".",
    "oleutil",
  ]
  pruneopts = "NUT"
  revision = "97b6244175ae18ea6eef668034fd6565847501c9"
  version = "v1.2.4"

[[projects]]
  branch = "master"
  digest = "1:1b2690e5f479621777c05f3f85ff630d28115e5f1782a5335914ffe511c2a8e4"
  name = "github.com/inconshreveable/go-update"
  packages = [
    ".",
    "internal/binarydist",
    "internal/osext",
  ]
  pruneopts = "NUT"
  revision = "8152e7eb6ccf8679a64582a66b78519688d156ad"

[[projects]]
  branch = "master"
  digest = "1:263f9b0a0bcbfff9d5e7d9f2aa11f53995d98214fe0fb97e429e7a5f4534a0f9"
  name = "github.com/kardianos/osext"
  packages = ["."]
  pruneopts = "NUT"
  revision = "2bc1f35cddc0cc527b4bc3dce8578fc2a6c11384"

[[projects]]
  branch = "master"
  digest = "1:fcd1ea47371cb7db22261edfc1167da1d1dd3bd4c6fd599d311b7629c6784676"
  name = "github.com/monnand/dhkx"
  packages = ["."]
  pruneopts = "NUT"
  revision = "9e5b033f1ac4dcad9fe45bf4a7cb1c4df4f31eef"

[[projects]]
  branch = "master"
  digest = "1:f1a78353e6ea232ec554ccbd787534f8a451e724cb7ecf57ec241c664d76853e"
  name = "github.com/orcaman/concurrent-map"
  packages = ["."]
  pruneopts = "NUT"
  revision = "8c72a8bb44f6cfcff2abae8ebcbaaaf883331363"

[[projects]]
  digest = "1:4047c378584616813d610c9f993bf90dd0d07aed8d94bd3bc299cd35ececdcba"
  name = "github.com/pkg/errors"
  packages = ["."]
  pruneopts = "NUT"
  revision = "614d223910a179a466c1767a985424175c39b465"
  version = "v0.9.1"

[[projects]]
  branch = "master"
  digest = "1:0a7bff3079a5232e66bd5396b1ff615475de1f92574dbcb76d4ee30b4ebabd76"
  name = "github.com/ricochet2200/go-disk-usage"
  packages = ["du"]
  pruneopts = "NUT"
  revision = "f0d1b743428fc09792f93233d9412f89f88fa2ab"

[[projects]]
  digest = "1:d9afa09f6a45f68ec50047f8187c9d273b1fbf507858a104064bb6d9eb2e2795"
  name = "github.com/russross/blackfriday"
  packages = ["."]
  pruneopts = "NUT"
  revision = "05f3235734ad95d0016f6a23902f06461fcf567a"
  version = "v1.5.2"

[[projects]]
  digest = "1:6e6f603278e7e3348043a257e21121336e70584341edf730d6e9679243b97394"
  name = "github.com/shirou/gopsutil"
  packages = [
    "cpu",
    "host",
    "internal/common",
    "mem",
    "net",
    "process",
  ]
  pruneopts = "T"
  revision = "53cec6b37e6a2fa787e771c706f7c1fd67ec40f1"
  version = "v2.20.3"

[[projects]]
  digest = "1:d80823ed6d6962d7fbbc97153fc99fe9f6c52b043997c6dcb310b0d7d38dc8f7"
  name = "github.com/urfave/cli"
  packages = ["."]
  pruneopts = "NUT"
  revision = "bfe2e925cfb6d44b40ad3a779165ea7e8aff9212"
  version = "v1.22.0"

[[projects]]
  branch = "master"
  digest = "1:bd03c57cd3032bfe3f336017755838d89847b1cb773db3df6dafe02a133ad2af"
  name = "github.com/willdonnelly/passwd"
  packages = ["."]
  pruneopts = "NUT"
  revision = "7935dab3074ca1d47c8805e0230f8685116b6019"

[[projects]]
  branch = "master"
  digest = "1:37b702ae960130d30309d291975c4f7c70465c75243e92e805633a78c9a245ff"
  name = "golang.org/x/sys"
  packages = [
    "unix",
    "windows",
  ]
  pruneopts = "NUT"
  revision = "59c9f1ba88faf592b225274f69c5ef1e4ebacf82"

[solve-meta]
  analyzer-name = "dep"
  analyzer-version = 1
  input-imports = [
    "github.com/cotunnel/packet",
    "github.com/creack/pty",
    "github.com/inconshreveable/go-update",
    "github.com/kardianos/osext",
    "github.com/monnand/dhkx",
    "github.com/orcaman/concurrent-map",
    "github.com/pkg/errors",
    "github.com/ricochet2200/go-disk-usage/du",
    "github.com/shirou/gopsutil/cpu",
    "github.com/shirou/gopsutil/host",
    "github.com/shirou/gopsutil/mem",
    "github.com/urfave/cli",
    "github.com/willdonnelly/passwd",
    "golang.org/x/sys/unix",
  ]
  solver-name = "gps-cdcl"
  solver-version = 1
